
Microsoft Visual Studio Solution File, Format Version 12.00
# Visual Studio Version 17
VisualStudioVersion = 17.4.33205.214
MinimumVisualStudioVersion = 10.0.40219.1
Project("{FAE04EC0-301F-11D3-BF4B-00C04F79EFBC}") = "MVC_Task2", "MVC_Task2.csproj", "{8983DF3E-87CF-42BF-89E4-7F15D72FE71A}"
EndProject
Global
	GlobalSection(SolutionConfigurationPlatforms) = preSolution
		Debug|Any CPU = Debug|Any CPU
		Release|Any CPU = Release|Any CPU
	EndGlobalSection
	GlobalSection(ProjectConfigurationPlatforms) = postSolution
		{8983DF3E-87CF-42BF-89E4-7F15D72FE71A}.Debug|Any CPU.ActiveCfg = Debug|Any CPU
		{8983DF3E-87CF-42BF-89E4-7F15D72FE71A}.Debug|Any CPU.Build.0 = Debug|Any CPU
		{8983DF3E-87CF-42BF-89E4-7F15D72FE71A}.Release|Any CPU.ActiveCfg = Release|Any CPU
		{8983DF3E-87CF-42BF-89E4-7F15D72FE71A}.Release|Any CPU.Build.0 = Release|Any CPU
	EndGlobalSection
	GlobalSection(SolutionProperties) = preSolution
		HideSolutionNode = FALSE
	EndGlobalSection
	GlobalSection(ExtensibilityGlobals) = postSolution
		SolutionGuid = {A879DD2A-DC23-4215-8DB9-6A7A85F52110}
	EndGlobalSection
EndGlobal
